Microsoft Visual Studio Solution File, Format Version 12.00
Project("282fdddc-b2ec-4e37-bd35-edbaa8739262") = "GaugeSampleTest", "GaugeSampleTest.csproj", "dd5a154a-a2d8-4aa6-9753-2d15691da699"
EndProject
Global
	GlobalSection(SolutionConfigurationPlatforms) = preSolution
		Debug|Any CPU = Debug|Any CPU
		Release|Any CPU = Release|Any CPU
	EndGlobalSection
	GlobalSection(ProjectConfigurationPlatforms) = postSolution
		dd5a154a-a2d8-4aa6-9753-2d15691da699.Debug|Any CPU.ActiveCfg = Debug|Any CPU
		dd5a154a-a2d8-4aa6-9753-2d15691da699.Debug|Any CPU.Build.0 = Debug|Any CPU
		dd5a154a-a2d8-4aa6-9753-2d15691da699.Release|Any CPU.ActiveCfg = Release|Any CPU
		dd5a154a-a2d8-4aa6-9753-2d15691da699.Release|Any CPU.Build.0 = Release|Any CPU
	EndGlobalSection
	GlobalSection(SolutionProperties) = preSolution
		HideSolutionNode = FALSE
	EndGlobalSection
EndGlobal